// !$*UTF8*$!
{
	archiveVersion = 1;
	classes = {
	};
	objectVersion = 77;
	objects = {

/* Begin PBXBuildFile section */
		083F35361570BF49AC2461CE /* Pods_XCTestApp.framework in Frameworks */ = {isa = PBXBuildFile; fileRef = B1ABD27C6A509814C012C6A2 /* Pods_XCTestApp.framework */; };
		787C9921D7BD0B0725600340 /* Pods_XCTestApp_XCTestAppUITests.framework in Frameworks */ = {isa = PBXBuildFile; fileRef = 2020B8740397450E87DBFF9D /* Pods_XCTestApp_XCTestAppUITests.framework */; };
		AD1888C2BA94315AEE77C587 /* Pods_XCTestAppTests.framework in Frameworks */ = {isa = PBXBuildFile; fileRef = AF393B764538E3EE5C07E9EB /* Pods_XCTestAppTests.framework */; };
/* End PBXBuildFile section */

/* Begin PBXContainerItemProxy section */
		D51011A02D751FF600ABB291 /* PBXContainerItemProxy */ = {
			isa = PBXContainerItemProxy;
			containerPortal = D51011872D751FF300ABB291 /* Project object */;
			proxyType = 1;
			remoteGlobalIDString = D510118E2D751FF300ABB291;
			remoteInfo = XCTestApp;
		};
		D51011AA2D751FF600ABB291 /* PBXContainerItemProxy */ = {
			isa = PBXContainerItemProxy;
			containerPortal = D51011872D751FF300ABB291 /* Project object */;
			proxyType = 1;
			remoteGlobalIDString = D510118E2D751FF300ABB291;
			remoteInfo = XCTestApp;
		};
/* End PBXContainerItemProxy section */

/* Begin PBXFileReference section */
		1F0B4DB5CAF532DB07DB07AF /* Pods-XCTestAppUITests.release.xcconfig */ = {isa = PBXFileReference; includeInIndex = 1; lastKnownFileType = text.xcconfig; name = "Pods-XCTestAppUITests.release.xcconfig"; path = "Target Support Files/Pods-XCTestAppUITests/Pods-XCTestAppUITests.release.xcconfig"; sourceTree = "<group>"; };
		2020B8740397450E87DBFF9D /* Pods_XCTestApp_XCTestAppUITests.framework */ = {isa = PBXFileReference; explicitFileType = wrapper.framework; includeInIndex = 0; path = Pods_XCTestApp_XCTestAppUITests.framework; sourceTree = BUILT_PRODUCTS_DIR; };
		318A25C023186C783955E452 /* Pods-XCTestApp.release.xcconfig */ = {isa = PBXFileReference; includeInIndex = 1; lastKnownFileType = text.xcconfig; name = "Pods-XCTestApp.release.xcconfig"; path = "Target Support Files/Pods-XCTestApp/Pods-XCTestApp.release.xcconfig"; sourceTree = "<group>"; };
		55DDB1D389E51CB7EED03CF2 /* Pods-XCTestAppTests.debug.xcconfig */ = {isa = PBXFileReference; includeInIndex = 1; lastKnownFileType = text.xcconfig; name = "Pods-XCTestAppTests.debug.xcconfig"; path = "Target Support Files/Pods-XCTestAppTests/Pods-XCTestAppTests.debug.xcconfig"; sourceTree = "<group>"; };
		69F3E4429EE8AB9E224D2D2D /* Pods-XCTestAppUITests.debug.xcconfig */ = {isa = PBXFileReference; includeInIndex = 1; lastKnownFileType = text.xcconfig; name = "Pods-XCTestAppUITests.debug.xcconfig"; path = "Target Support Files/Pods-XCTestAppUITests/Pods-XCTestAppUITests.debug.xcconfig"; sourceTree = "<group>"; };
		6A59A6875D7885C869091C49 /* Pods-XCTestApp-XCTestAppUITests.debug.xcconfig */ = {isa = PBXFileReference; includeInIndex = 1; lastKnownFileType = text.xcconfig; name = "Pods-XCTestApp-XCTestAppUITests.debug.xcconfig"; path = "Target Support Files/Pods-XCTestApp-XCTestAppUITests/Pods-XCTestApp-XCTestAppUITests.debug.xcconfig"; sourceTree = "<group>"; };
		AF393B764538E3EE5C07E9EB /* Pods_XCTestAppTests.framework */ = {isa = PBXFileReference; explicitFileType = wrapper.framework; includeInIndex = 0; path = Pods_XCTestAppTests.framework; sourceTree = BUILT_PRODUCTS_DIR; };
		B14620F0F9EDD7B0248782AA /* Pods-XCTestApp-XCTestAppUITests.release.xcconfig */ = {isa = PBXFileReference; includeInIndex = 1; lastKnownFileType = text.xcconfig; name = "Pods-XCTestApp-XCTestAppUITests.release.xcconfig"; path = "Target Support Files/Pods-XCTestApp-XCTestAppUITests/Pods-XCTestApp-XCTestAppUITests.release.xcconfig"; sourceTree = "<group>"; };
		B1ABD27C6A509814C012C6A2 /* Pods_XCTestApp.framework */ = {isa = PBXFileReference; explicitFileType = wrapper.framework; includeInIndex = 0; path = Pods_XCTestApp.framework; sourceTree = BUILT_PRODUCTS_DIR; };
		CB28A76492F30C80CC3A8AA1 /* Pods-XCTestApp.debug.xcconfig */ = {isa = PBXFileReference; includeInIndex = 1; lastKnownFileType = text.xcconfig; name = "Pods-XCTestApp.debug.xcconfig"; path = "Target Support Files/Pods-XCTestApp/Pods-XCTestApp.debug.xcconfig"; sourceTree = "<group>"; };
		D4D6E0F456E7402DD777C293 /* Pods-XCTestAppTests.release.xcconfig */ = {isa = PBXFileReference; includeInIndex = 1; lastKnownFileType = text.xcconfig; name = "Pods-XCTestAppTests.release.xcconfig"; path = "Target Support Files/Pods-XCTestAppTests/Pods-XCTestAppTests.release.xcconfig"; sourceTree = "<group>"; };
		D510118F2D751FF300ABB291 /* XCTestApp.app */ = {isa = PBXFileReference; explicitFileType = wrapper.application; includeInIndex = 0; path = XCTestApp.app; sourceTree = BUILT_PRODUCTS_DIR; };
		D510119F2D751FF600ABB291 /* XCTestAppTests.xctest */ = {isa = PBXFileReference; explicitFileType = wrapper.cfbundle; includeInIndex = 0; path = XCTestAppTests.xctest; sourceTree = BUILT_PRODUCTS_DIR; };
		D51011A92D751FF600ABB291 /* XCTestAppUITests.xctest */ = {isa = PBXFileReference; explicitFileType = wrapper.cfbundle; includeInIndex = 0; path = XCTestAppUITests.xctest; sourceTree = BUILT_PRODUCTS_DIR; };
/* End PBXFileReference section */

/* Begin PBXFileSystemSynchronizedRootGroup section */
		D51011912D751FF300ABB291 /* XCTestApp */ = {
			isa = PBXFileSystemSynchronizedRootGroup;
			path = XCTestApp;
			sourceTree = "<group>";
		};
		D51011A22D751FF600ABB291 /* XCTestAppTests */ = {
			isa = PBXFileSystemSynchronizedRootGroup;
			path = XCTestAppTests;
			sourceTree = "<group>";
		};
		D51011AC2D751FF600ABB291 /* XCTestAppUITests */ = {
			isa = PBXFileSystemSynchronizedRootGroup;
			path = XCTestAppUITests;
			sourceTree = "<group>";
		};
/* End PBXFileSystemSynchronizedRootGroup section */

/* Begin PBXFrameworksBuildPhase section */
		D510118C2D751FF300ABB291 /* Frameworks */ = {
			isa = PBXFrameworksBuildPhase;
			buildActionMask = 2147483647;
			files = (
				083F35361570BF49AC2461CE /* Pods_XCTestApp.framework in Frameworks */,
			);
			runOnlyForDeploymentPostprocessing = 0;
		};
		D510119C2D751FF600ABB291 /* Frameworks */ = {
			isa = PBXFrameworksBuildPhase;
			buildActionMask = 2147483647;
			files = (
				AD1888C2BA94315AEE77C587 /* Pods_XCTestAppTests.framework in Frameworks */,
			);
			runOnlyForDeploymentPostprocessing = 0;
		};
		D51011A62D751FF600ABB291 /* Frameworks */ = {
			isa = PBXFrameworksBuildPhase;
			buildActionMask = 2147483647;
			files = (
				787C9921D7BD0B0725600340 /* Pods_XCTestApp_XCTestAppUITests.framework in Frameworks */,
			);
			runOnlyForDeploymentPostprocessing = 0;
		};
/* End PBXFrameworksBuildPhase section */

/* Begin PBXGroup section */
		379F332EA742AF63BA362589 /* Frameworks */ = {
			isa = PBXGroup;
			children = (
				B1ABD27C6A509814C012C6A2 /* Pods_XCTestApp.framework */,
				AF393B764538E3EE5C07E9EB /* Pods_XCTestAppTests.framework */,
				2020B8740397450E87DBFF9D /* Pods_XCTestApp_XCTestAppUITests.framework */,
			);
			name = Frameworks;
			sourceTree = "<group>";
		};
		4F6A0C529B0A92620C02AA40 /* Pods */ = {
			isa = PBXGroup;
			children = (
				CB28A76492F30C80CC3A8AA1 /* Pods-XCTestApp.debug.xcconfig */,
				318A25C023186C783955E452 /* Pods-XCTestApp.release.xcconfig */,
				6A59A6875D7885C869091C49 /* Pods-XCTestApp-XCTestAppUITests.debug.xcconfig */,
				B14620F0F9EDD7B0248782AA /* Pods-XCTestApp-XCTestAppUITests.release.xcconfig */,
				55DDB1D389E51CB7EED03CF2 /* Pods-XCTestAppTests.debug.xcconfig */,
				D4D6E0F456E7402DD777C293 /* Pods-XCTestAppTests.release.xcconfig */,
				69F3E4429EE8AB9E224D2D2D /* Pods-XCTestAppUITests.debug.xcconfig */,
				1F0B4DB5CAF532DB07DB07AF /* Pods-XCTestAppUITests.release.xcconfig */,
			);
			path = Pods;
			sourceTree = "<group>";
		};
		D51011862D751FF300ABB291 = {
			isa = PBXGroup;
			children = (
				D51011912D751FF300ABB291 /* XCTestApp */,
				D51011A22D751FF600ABB291 /* XCTestAppTests */,
				D51011AC2D751FF600ABB291 /* XCTestAppUITests */,
				D51011902D751FF300ABB291 /* Products */,
				4F6A0C529B0A92620C02AA40 /* Pods */,
				379F332EA742AF63BA362589 /* Frameworks */,
			);
			sourceTree = "<group>";
		};
		D51011902D751FF300ABB291 /* Products */ = {
			isa = PBXGroup;
			children = (
				D510118F2D751FF300ABB291 /* XCTestApp.app */,
				D510119F2D751FF600ABB291 /* XCTestAppTests.xctest */,
				D51011A92D751FF600ABB291 /* XCTestAppUITests.xctest */,
			);
			name = Products;
			sourceTree = "<group>";
		};
/* End PBXGroup section */

/* Begin PBXNativeTarget section */
		D510118E2D751FF300ABB291 /* XCTestApp */ = {
			isa = PBXNativeTarget;
			buildConfigurationList = D51011B32D751FF600ABB291 /* Build configuration list for PBXNativeTarget "XCTestApp" */;
			buildPhases = (
				810A1DC7FF6E2E3F614463ED /* [CP] Check Pods Manifest.lock */,
				D510118B2D751FF300ABB291 /* Sources */,
				D510118C2D751FF300ABB291 /* Frameworks */,
				D510118D2D751FF300ABB291 /* Resources */,
				1496D31C93C7F2CC67048CEC /* [CP] Embed Pods Frameworks */,
			);
			buildRules = (
			);
			dependencies = (
			);
			fileSystemSynchronizedGroups = (
				D51011912D751FF300ABB291 /* XCTestApp */,
			);
			name = XCTestApp;
			productName = XCTestApp;
			productReference = D510118F2D751FF300ABB291 /* XCTestApp.app */;
			productType = "com.apple.product-type.application";
		};
		D510119E2D751FF600ABB291 /* XCTestAppTests */ = {
			isa = PBXNativeTarget;
			buildConfigurationList = D51011B62D751FF600ABB291 /* Build configuration list for PBXNativeTarget "XCTestAppTests" */;
			buildPhases = (
				2C891E9AB488142CF1ADFCE5 /* [CP] Check Pods Manifest.lock */,
				D510119B2D751FF600ABB291 /* Sources */,
				D510119C2D751FF600ABB291 /* Frameworks */,
				D510119D2D751FF600ABB291 /* Resources */,
			);
			buildRules = (
			);
			dependencies = (
				D51011A12D751FF600ABB291 /* PBXTargetDependency */,
			);
			fileSystemSynchronizedGroups = (
				D51011A22D751FF600ABB291 /* XCTestAppTests */,
			);
			name = XCTestAppTests;
			productName = XCTestAppTests;
			productReference = D510119F2D751FF600ABB291 /* XCTestAppTests.xctest */;
			productType = "com.apple.product-type.bundle.unit-test";
		};
		D51011A82D751FF600ABB291 /* XCTestAppUITests */ = {
			isa = PBXNativeTarget;
			buildConfigurationList = D51011B92D751FF600ABB291 /* Build configuration list for PBXNativeTarget "XCTestAppUITests" */;
			buildPhases = (
				B76F3E753E53027931FDE807 /* [CP] Check Pods Manifest.lock */,
				D51011A52D751FF600ABB291 /* Sources */,
				D51011A62D751FF600ABB291 /* Frameworks */,
				D51011A72D751FF600ABB291 /* Resources */,
				305EBF9A5ABFAAF2DCF981BC /* [CP] Embed Pods Frameworks */,
			);
			buildRules = (
			);
			dependencies = (
				D51011AB2D751FF600ABB291 /* PBXTargetDependency */,
			);
			fileSystemSynchronizedGroups = (
				D51011AC2D751FF600ABB291 /* XCTestAppUITests */,
			);
			name = XCTestAppUITests;
			productName = XCTestAppUITests;
			productReference = D51011A92D751FF600ABB291 /* XCTestAppUITests.xctest */;
			productType = "com.apple.product-type.bundle.ui-testing";
		};
/* End PBXNativeTarget section */

/* Begin PBXProject section */
		D51011872D751FF300ABB291 /* Project object */ = {
			isa = PBXProject;
			attributes = {
				BuildIndependentTargetsInParallel = 1;
				LastSwiftUpdateCheck = 1620;
				LastUpgradeCheck = 1620;
				TargetAttributes = {
					D510118E2D751FF300ABB291 = {
						CreatedOnToolsVersion = 16.2;
					};
					D510119E2D751FF600ABB291 = {
						CreatedOnToolsVersion = 16.2;
						TestTargetID = D510118E2D751FF300ABB291;
					};
					D51011A82D751FF600ABB291 = {
						CreatedOnToolsVersion = 16.2;
						TestTargetID = D510118E2D751FF300ABB291;
					};
				};
			};
			buildConfigurationList = D510118A2D751FF300ABB291 /* Build configuration list for PBXProject "XCTestApp" */;
			developmentRegion = en;
			hasScannedForEncodings = 0;
			knownRegions = (
				en,
				Base,
			);
			mainGroup = D51011862D751FF300ABB291;
			minimizedProjectReferenceProxies = 1;
			preferredProjectObjectVersion = 77;
			productRefGroup = D51011902D751FF300ABB291 /* Products */;
			projectDirPath = "";
			projectRoot = "";
			targets = (
				D510118E2D751FF300ABB291 /* XCTestApp */,
				D510119E2D751FF600ABB291 /* XCTestAppTests */,
				D51011A82D751FF600ABB291 /* XCTestAppUITests */,
			);
		};
/* End PBXProject section */

/* Begin PBXResourcesBuildPhase section */
		D510118D2D751FF300ABB291 /* Resources */ = {
			isa = PBXResourcesBuildPhase;
			buildActionMask = 2147483647;
			files = (
			);
			runOnlyForDeploymentPostprocessing = 0;
		};
		D510119D2D751FF600ABB291 /* Resources */ = {
			isa = PBXResourcesBuildPhase;
			buildActionMask = 2147483647;
			files = (
			);
			runOnlyForDeploymentPostprocessing = 0;
		};
		D51011A72D751FF600ABB291 /* Resources */ = {
			isa = PBXResourcesBuildPhase;
			buildActionMask = 2147483647;
			files = (
			);
			runOnlyForDeploymentPostprocessing = 0;
		};
/* End PBXResourcesBuildPhase section */

/* Begin PBXShellScriptBuildPhase section */
		1496D31C93C7F2CC67048CEC /* [CP] Embed Pods Frameworks */ = {
			isa = PBXShellScriptBuildPhase;
			buildActionMask = 2147483647;
			files = (
			);
			inputFileListPaths = (
				"${PODS_ROOT}/Target Support Files/Pods-XCTestApp/Pods-XCTestApp-frameworks-${CONFIGURATION}-input-files.xcfilelist",
			);
			name = "[CP] Embed Pods Frameworks";
			outputFileListPaths = (
				"${PODS_ROOT}/Target Support Files/Pods-XCTestApp/Pods-XCTestApp-frameworks-${CONFIGURATION}-output-files.xcfilelist",
			);
			runOnlyForDeploymentPostprocessing = 0;
			shellPath = /bin/sh;
			shellScript = "\"${PODS_ROOT}/Target Support Files/Pods-XCTestApp/Pods-XCTestApp-frameworks.sh\"\n";
			showEnvVarsInLog = 0;
		};
		2C891E9AB488142CF1ADFCE5 /* [CP] Check Pods Manifest.lock */ = {
			isa = PBXShellScriptBuildPhase;
			buildActionMask = 2147483647;
			files = (
			);
			inputFileListPaths = (
			);
			inputPaths = (
				"${PODS_PODFILE_DIR_PATH}/Podfile.lock",
				"${PODS_ROOT}/Manifest.lock",
			);
			name = "[CP] Check Pods Manifest.lock";
			outputFileListPaths = (
			);
			outputPaths = (
				"$(DERIVED_FILE_DIR)/Pods-XCTestAppTests-checkManifestLockResult.txt",
			);
			runOnlyForDeploymentPostprocessing = 0;
			shellPath = /bin/sh;
			shellScript = "diff \"${PODS_PODFILE_DIR_PATH}/Podfile.lock\" \"${PODS_ROOT}/Manifest.lock\" > /dev/null\nif [ $? != 0 ] ; then\n    # print error to STDERR\n    echo \"error: The sandbox is not in sync with the Podfile.lock. Run 'pod install' or update your CocoaPods installation.\" >&2\n    exit 1\nfi\n# This output is used by Xcode 'outputs' to avoid re-running this script phase.\necho \"SUCCESS\" > \"${SCRIPT_OUTPUT_FILE_0}\"\n";
			showEnvVarsInLog = 0;
		};
		305EBF9A5ABFAAF2DCF981BC /* [CP] Embed Pods Frameworks */ = {
			isa = PBXShellScriptBuildPhase;
			buildActionMask = 2147483647;
			files = (
			);
			inputFileListPaths = (
				"${PODS_ROOT}/Target Support Files/Pods-XCTestApp-XCTestAppUITests/Pods-XCTestApp-XCTestAppUITests-frameworks-${CONFIGURATION}-input-files.xcfilelist",
			);
			name = "[CP] Embed Pods Frameworks";
			outputFileListPaths = (
				"${PODS_ROOT}/Target Support Files/Pods-XCTestApp-XCTestAppUITests/Pods-XCTestApp-XCTestAppUITests-frameworks-${CONFIGURATION}-output-files.xcfilelist",
			);
			runOnlyForDeploymentPostprocessing = 0;
			shellPath = /bin/sh;
			shellScript = "\"${PODS_ROOT}/Target Support Files/Pods-XCTestApp-XCTestAppUITests/Pods-XCTestApp-XCTestAppUITests-frameworks.sh\"\n";
			showEnvVarsInLog = 0;
		};
		810A1DC7FF6E2E3F614463ED /* [CP] Check Pods Manifest.lock */ = {
			isa = PBXShellScriptBuildPhase;
			buildActionMask = 2147483647;
			files = (
			);
			inputFileListPaths = (
			);
			inputPaths = (
				"${PODS_PODFILE_DIR_PATH}/Podfile.lock",
				"${PODS_ROOT}/Manifest.lock",
			);
			name = "[CP] Check Pods Manifest.lock";
			outputFileListPaths = (
			);
			outputPaths = (
				"$(DERIVED_FILE_DIR)/Pods-XCTestApp-checkManifestLockResult.txt",
			);
			runOnlyForDeploymentPostprocessing = 0;
			shellPath = /bin/sh;
			shellScript = "diff \"${PODS_PODFILE_DIR_PATH}/Podfile.lock\" \"${PODS_ROOT}/Manifest.lock\" > /dev/null\nif [ $? != 0 ] ; then\n    # print error to STDERR\n    echo \"error: The sandbox is not in sync with the Podfile.lock. Run 'pod install' or update your CocoaPods installation.\" >&2\n    exit 1\nfi\n# This output is used by Xcode 'outputs' to avoid re-running this script phase.\necho \"SUCCESS\" > \"${SCRIPT_OUTPUT_FILE_0}\"\n";
			showEnvVarsInLog = 0;
		};
		B76F3E753E53027931FDE807 /* [CP] Check Pods Manifest.lock */ = {
			isa = PBXShellScriptBuildPhase;
			buildActionMask = 2147483647;
			files = (
			);
			inputFileListPaths = (
			);
			inputPaths = (
				"${PODS_PODFILE_DIR_PATH}/Podfile.lock",
				"${PODS_ROOT}/Manifest.lock",
			);
			name = "[CP] Check Pods Manifest.lock";
			outputFileListPaths = (
			);
			outputPaths = (
				"$(DERIVED_FILE_DIR)/Pods-XCTestApp-XCTestAppUITests-checkManifestLockResult.txt",
			);
			runOnlyForDeploymentPostprocessing = 0;
			shellPath = /bin/sh;
			shellScript = "diff \"${PODS_PODFILE_DIR_PATH}/Podfile.lock\" \"${PODS_ROOT}/Manifest.lock\" > /dev/null\nif [ $? != 0 ] ; then\n    # print error to STDERR\n    echo \"error: The sandbox is not in sync with the Podfile.lock. Run 'pod install' or update your CocoaPods installation.\" >&2\n    exit 1\nfi\n# This output is used by Xcode 'outputs' to avoid re-running this script phase.\necho \"SUCCESS\" > \"${SCRIPT_OUTPUT_FILE_0}\"\n";
			showEnvVarsInLog = 0;
		};
/* End PBXShellScriptBuildPhase section */

/* Begin PBXSourcesBuildPhase section */
		D510118B2D751FF300ABB291 /* Sources */ = {
			isa = PBXSourcesBuildPhase;
			buildActionMask = 2147483647;
			files = (
			);
			runOnlyForDeploymentPostprocessing = 0;
		};
		D510119B2D751FF600ABB291 /* Sources */ = {
			isa = PBXSourcesBuildPhase;
			buildActionMask = 2147483647;
			files = (
			);
			runOnlyForDeploymentPostprocessing = 0;
		};
		D51011A52D751FF600ABB291 /* Sources */ = {
			isa = PBXSourcesBuildPhase;
			buildActionMask = 2147483647;
			files = (
			);
			runOnlyForDeploymentPostprocessing = 0;
		};
/* End PBXSourcesBuildPhase section */

/* Begin PBXTargetDependency section */
		D51011A12D751FF600ABB291 /* PBXTargetDependency */ = {
			isa = PBXTargetDependency;
			target = D510118E2D751FF300ABB291 /* XCTestApp */;
			targetProxy = D51011A02D751FF600ABB291 /* PBXContainerItemProxy */;
		};
		D51011AB2D751FF600ABB291 /* PBXTargetDependency */ = {
			isa = PBXTargetDependency;
			target = D510118E2D751FF300ABB291 /* XCTestApp */;
			targetProxy = D51011AA2D751FF600ABB291 /* PBXContainerItemProxy */;
		};
/* End PBXTargetDependency section */

/* Begin XCBuildConfiguration section */
		D51011B12D751FF600ABB291 /* Debug */ = {
			isa = XCBuildConfiguration;
			buildSettings = {
				ALWAYS_SEARCH_USER_PATHS = NO;
				ASSETCATALOG_COMPILER_GENERATE_SWIFT_ASSET_SYMBOL_EXTENSIONS = YES;
				CLANG_ANALYZER_NONNULL = YES;
				CLANG_ANALYZER_NUMBER_OBJECT_CONVERSION = YES_AGGRESSIVE;
				CLANG_CXX_LANGUAGE_STANDARD = "gnu++20";
				CLANG_ENABLE_MODULES = YES;
				CLANG_ENABLE_OBJC_ARC = YES;
				CLANG_ENABLE_OBJC_WEAK = YES;
				CLANG_WARN_BLOCK_CAPTURE_AUTORELEASING = YES;
				CLANG_WARN_BOOL_CONVERSION = YES;
				CLANG_WARN_COMMA = YES;
				CLANG_WARN_CONSTANT_CONVERSION = YES;
				CLANG_WARN_DEPRECATED_OBJC_IMPLEMENTATIONS = YES;
				CLANG_WARN_DIRECT_OBJC_ISA_USAGE = YES_ERROR;
				CLANG_WARN_DOCUMENTATION_COMMENTS = YES;
				CLANG_WARN_EMPTY_BODY = YES;
				CLANG_WARN_ENUM_CONVERSION = YES;
				CLANG_WARN_INFINITE_RECURSION = YES;
				CLANG_WARN_INT_CONVERSION = YES;
				CLANG_WARN_NON_LITERAL_NULL_CONVERSION = YES;
				CLANG_WARN_OBJC_IMPLICIT_RETAIN_SELF = YES;
				CLANG_WARN_OBJC_LITERAL_CONVERSION = YES;
				CLANG_WARN_OBJC_ROOT_CLASS = YES_ERROR;
				CLANG_WARN_QUOTED_INCLUDE_IN_FRAMEWORK_HEADER = YES;
				CLANG_WARN_RANGE_LOOP_ANALYSIS = YES;
				CLANG_WARN_STRICT_PROTOTYPES = YES;
				CLANG_WARN_SUSPICIOUS_MOVE = YES;
				CLANG_WARN_UNGUARDED_AVAILABILITY = YES_AGGRESSIVE;
				CLANG_WARN_UNREACHABLE_CODE = YES;
				CLANG_WARN__DUPLICATE_METHOD_MATCH = YES;
				COPY_PHASE_STRIP = NO;
				DEBUG_INFORMATION_FORMAT = dwarf;
				ENABLE_STRICT_OBJC_MSGSEND = YES;
				ENABLE_TESTABILITY = YES;
				ENABLE_USER_SCRIPT_SANDBOXING = YES;
				GCC_C_LANGUAGE_STANDARD = gnu17;
				GCC_DYNAMIC_NO_PIC = NO;
				GCC_NO_COMMON_BLOCKS = YES;
				GCC_OPTIMIZATION_LEVEL = 0;
				GCC_PREPROCESSOR_DEFINITIONS = (
					"DEBUG=1",
					"$(inherited)",
				);
				GCC_WARN_64_TO_32_BIT_CONVERSION = YES;
				GCC_WARN_ABOUT_RETURN_TYPE = YES_ERROR;
				GCC_WARN_UNDECLARED_SELECTOR = YES;
				GCC_WARN_UNINITIALIZED_AUTOS = YES_AGGRESSIVE;
				GCC_WARN_UNUSED_FUNCTION = YES;
				GCC_WARN_UNUSED_VARIABLE = YES;
				IPHONEOS_DEPLOYMENT_TARGET = 16.6;
				LOCALIZATION_PREFERS_STRING_CATALOGS = YES;
				MTL_ENABLE_DEBUG_INFO = INCLUDE_SOURCE;
				MTL_FAST_MATH = YES;
				ONLY_ACTIVE_ARCH = YES;
				SDKROOT = iphoneos;
				SWIFT_ACTIVE_COMPILATION_CONDITIONS = "DEBUG $(inherited)";
				SWIFT_OPTIMIZATION_LEVEL = "-Onone";
			};
			name = Debug;
		};
		D51011B22D751FF600ABB291 /* Release */ = {
			isa = XCBuildConfiguration;
			buildSettings = {
				ALWAYS_SEARCH_USER_PATHS = NO;
				ASSETCATALOG_COMPILER_GENERATE_SWIFT_ASSET_SYMBOL_EXTENSIONS = YES;
				CLANG_ANALYZER_NONNULL = YES;
				CLANG_ANALYZER_NUMBER_OBJECT_CONVERSION = YES_AGGRESSIVE;
				CLANG_CXX_LANGUAGE_STANDARD = "gnu++20";
				CLANG_ENABLE_MODULES = YES;
				CLANG_ENABLE_OBJC_ARC = YES;
				CLANG_ENABLE_OBJC_WEAK = YES;
				CLANG_WARN_BLOCK_CAPTURE_AUTORELEASING = YES;
				CLANG_WARN_BOOL_CONVERSION = YES;
				CLANG_WARN_COMMA = YES;
				CLANG_WARN_CONSTANT_CONVERSION = YES;
				CLANG_WARN_DEPRECATED_OBJC_IMPLEMENTATIONS = YES;
				CLANG_WARN_DIRECT_OBJC_ISA_USAGE = YES_ERROR;
				CLANG_WARN_DOCUMENTATION_COMMENTS = YES;
				CLANG_WARN_EMPTY_BODY = YES;
				CLANG_WARN_ENUM_CONVERSION = YES;
				CLANG_WARN_INFINITE_RECURSION = YES;
				CLANG_WARN_INT_CONVERSION = YES;
				CLANG_WARN_NON_LITERAL_NULL_CONVERSION = YES;
				CLANG_WARN_OBJC_IMPLICIT_RETAIN_SELF = YES;
				CLANG_WARN_OBJC_LITERAL_CONVERSION = YES;
				CLANG_WARN_OBJC_ROOT_CLASS = YES_ERROR;
				CLANG_WARN_QUOTED_INCLUDE_IN_FRAMEWORK_HEADER = YES;
				CLANG_WARN_RANGE_LOOP_ANALYSIS = YES;
				CLANG_WARN_STRICT_PROTOTYPES = YES;
				CLANG_WARN_SUSPICIOUS_MOVE = YES;
				CLANG_WARN_UNGUARDED_AVAILABILITY = YES_AGGRESSIVE;
				CLANG_WARN_UNREACHABLE_CODE = YES;
				CLANG_WARN__DUPLICATE_METHOD_MATCH = YES;
				COPY_PHASE_STRIP = NO;
				DEBUG_INFORMATION_FORMAT = "dwarf-with-dsym";
				ENABLE_NS_ASSERTIONS = NO;
				ENABLE_STRICT_OBJC_MSGSEND = YES;
				ENABLE_USER_SCRIPT_SANDBOXING = YES;
				GCC_C_LANGUAGE_STANDARD = gnu17;
				GCC_NO_COMMON_BLOCKS = YES;
				GCC_WARN_64_TO_32_BIT_CONVERSION = YES;
				GCC_WARN_ABOUT_RETURN_TYPE = YES_ERROR;
				GCC_WARN_UNDECLARED_SELECTOR = YES;
				GCC_WARN_UNINITIALIZED_AUTOS = YES_AGGRESSIVE;
				GCC_WARN_UNUSED_FUNCTION = YES;
				GCC_WARN_UNUSED_VARIABLE = YES;
				IPHONEOS_DEPLOYMENT_TARGET = 16.6;
				LOCALIZATION_PREFERS_STRING_CATALOGS = YES;
				MTL_ENABLE_DEBUG_INFO = NO;
				MTL_FAST_MATH = YES;
				SDKROOT = iphoneos;
				SWIFT_COMPILATION_MODE = wholemodule;
				VALIDATE_PRODUCT = YES;
			};
			name = Release;
		};
		D51011B42D751FF600ABB291 /* Debug */ = {
			isa = XCBuildConfiguration;
			baseConfigurationReference = CB28A76492F30C80CC3A8AA1 /* Pods-XCTestApp.debug.xcconfig */;
			buildSettings = {
				ASSETCATALOG_COMPILER_APPICON_NAME = AppIcon;
				ASSETCATALOG_COMPILER_GLOBAL_ACCENT_COLOR_NAME = AccentColor;
				CODE_SIGN_STYLE = Automatic;
				CURRENT_PROJECT_VERSION = 1;
				DEVELOPMENT_ASSET_PATHS = "\"XCTestApp/Preview Content\"";
				DEVELOPMENT_TEAM = J6HQ2444HR;
				ENABLE_PREVIEWS = YES;
				GENERATE_INFOPLIST_FILE = YES;
				INFOPLIST_KEY_UIApplicationSceneManifest_Generation = YES;
				INFOPLIST_KEY_UIApplicationSupportsIndirectInputEvents = YES;
				INFOPLIST_KEY_UILaunchScreen_Generation = YES;
				INFOPLIST_KEY_UISupportedInterfaceOrientations_iPad = "UIInterfaceOrientationPortrait UIInterfaceOrientationPortraitUpsideDown UIInterfaceOrientationLandscapeLeft UIInterfaceOrientationLandscapeRight";
				INFOPLIST_KEY_UISupportedInterfaceOrientations_iPhone = "UIInterfaceOrientationPortrait UIInterfaceOrientationLandscapeLeft UIInterfaceOrientationLandscapeRight";
				LD_RUNPATH_SEARCH_PATHS = (
					"$(inherited)",
					"@executable_path/Frameworks",
				);
				MARKETING_VERSION = 1.0;
				PRODUCT_BUNDLE_IDENTIFIER = com.navyavohra.XCTestApp;
				PRODUCT_NAME = "$(TARGET_NAME)";
				SWIFT_EMIT_LOC_STRINGS = YES;
				SWIFT_VERSION = 5.0;
				TARGETED_DEVICE_FAMILY = "1,2";
			};
			name = Debug;
		};
		D51011B52D751FF600ABB291 /* Release */ = {
			isa = XCBuildConfiguration;
			baseConfigurationReference = 318A25C023186C783955E452 /* Pods-XCTestApp.release.xcconfig */;
			buildSettings = {
				ASSETCATALOG_COMPILER_APPICON_NAME = AppIcon;
				ASSETCATALOG_COMPILER_GLOBAL_ACCENT_COLOR_NAME = AccentColor;
				CODE_SIGN_STYLE = Automatic;
				CURRENT_PROJECT_VERSION = 1;
				DEVELOPMENT_ASSET_PATHS = "\"XCTestApp/Preview Content\"";
				DEVELOPMENT_TEAM = J6HQ2444HR;
				ENABLE_PREVIEWS = YES;
				GENERATE_INFOPLIST_FILE = YES;
				INFOPLIST_KEY_UIApplicationSceneManifest_Generation = YES;
				INFOPLIST_KEY_UIApplicationSupportsIndirectInputEvents = YES;
				INFOPLIST_KEY_UILaunchScreen_Generation = YES;
				INFOPLIST_KEY_UISupportedInterfaceOrientations_iPad = "UIInterfaceOrientationPortrait UIInterfaceOrientationPortraitUpsideDown UIInterfaceOrientationLandscapeLeft UIInterfaceOrientationLandscapeRight";
				INFOPLIST_KEY_UISupportedInterfaceOrientations_iPhone = "UIInterfaceOrientationPortrait UIInterfaceOrientationLandscapeLeft UIInterfaceOrientationLandscapeRight";
				LD_RUNPATH_SEARCH_PATHS = (
					"$(inherited)",
					"@executable_path/Frameworks",
				);
				MARKETING_VERSION = 1.0;
				PRODUCT_BUNDLE_IDENTIFIER = com.navyavohra.XCTestApp;
				PRODUCT_NAME = "$(TARGET_NAME)";
				SWIFT_EMIT_LOC_STRINGS = YES;
				SWIFT_VERSION = 5.0;
				TARGETED_DEVICE_FAMILY = "1,2";
			};
			name = Release;
		};
		D51011B72D751FF600ABB291 /* Debug */ = {
			isa = XCBuildConfiguration;
			baseConfigurationReference = 55DDB1D389E51CB7EED03CF2 /* Pods-XCTestAppTests.debug.xcconfig */;
			buildSettings = {
				BUNDLE_LOADER = "$(TEST_HOST)";
				CODE_SIGN_STYLE = Automatic;
				CURRENT_PROJECT_VERSION = 1;
				DEVELOPMENT_TEAM = J6HQ2444HR;
				GENERATE_INFOPLIST_FILE = YES;
				IPHONEOS_DEPLOYMENT_TARGET = 18.2;
				MARKETING_VERSION = 1.0;
				PRODUCT_BUNDLE_IDENTIFIER = com.navyavohra.XCTestAppTests;
				PRODUCT_NAME = "$(TARGET_NAME)";
				SWIFT_EMIT_LOC_STRINGS = NO;
				SWIFT_VERSION = 5.0;
				TARGETED_DEVICE_FAMILY = "1,2";
				TEST_HOST = "$(BUILT_PRODUCTS_DIR)/XCTestApp.app/$(BUNDLE_EXECUTABLE_FOLDER_PATH)/XCTestApp";
			};
			name = Debug;
		};
		D51011B82D751FF600ABB291 /* Release */ = {
			isa = XCBuildConfiguration;
			baseConfigurationReference = D4D6E0F456E7402DD777C293 /* Pods-XCTestAppTests.release.xcconfig */;
			buildSettings = {
				BUNDLE_LOADER = "$(TEST_HOST)";
				CODE_SIGN_STYLE = Automatic;
				CURRENT_PROJECT_VERSION = 1;
				DEVELOPMENT_TEAM = J6HQ2444HR;
				GENERATE_INFOPLIST_FILE = YES;
				IPHONEOS_DEPLOYMENT_TARGET = 18.2;
				MARKETING_VERSION = 1.0;
				PRODUCT_BUNDLE_IDENTIFIER = com.navyavohra.XCTestAppTests;
				PRODUCT_NAME = "$(TARGET_NAME)";
				SWIFT_EMIT_LOC_STRINGS = NO;
				SWIFT_VERSION = 5.0;
				TARGETED_DEVICE_FAMILY = "1,2";
				TEST_HOST = "$(BUILT_PRODUCTS_DIR)/XCTestApp.app/$(BUNDLE_EXECUTABLE_FOLDER_PATH)/XCTestApp";
			};
			name = Release;
		};
		D51011BA2D751FF600ABB291 /* Debug */ = {
			isa = XCBuildConfiguration;
			baseConfigurationReference = 6A59A6875D7885C869091C49 /* Pods-XCTestApp-XCTestAppUITests.debug.xcconfig */;
			buildSettings = {
				CODE_SIGN_STYLE = Automatic;
				CURRENT_PROJECT_VERSION = 1;
				DEVELOPMENT_TEAM = J6HQ2444HR;
				GENERATE_INFOPLIST_FILE = YES;
				MARKETING_VERSION = 1.0;
				PRODUCT_BUNDLE_IDENTIFIER = com.navyavohra.XCTestAppUITests;
				PRODUCT_NAME = "$(TARGET_NAME)";
				SWIFT_EMIT_LOC_STRINGS = NO;
				SWIFT_VERSION = 5.0;
				TARGETED_DEVICE_FAMILY = "1,2";
				TEST_TARGET_NAME = XCTestApp;
			};
			name = Debug;
		};
		D51011BB2D751FF600ABB291 /* Release */ = {
			isa = XCBuildConfiguration;
			baseConfigurationReference = B14620F0F9EDD7B0248782AA /* Pods-XCTestApp-XCTestAppUITests.release.xcconfig */;
			buildSettings = {
				CODE_SIGN_STYLE = Automatic;
				CURRENT_PROJECT_VERSION = 1;
				DEVELOPMENT_TEAM = J6HQ2444HR;
				GENERATE_INFOPLIST_FILE = YES;
				MARKETING_VERSION = 1.0;
				PRODUCT_BUNDLE_IDENTIFIER = com.navyavohra.XCTestAppUITests;
				PRODUCT_NAME = "$(TARGET_NAME)";
				SWIFT_EMIT_LOC_STRINGS = NO;
				SWIFT_VERSION = 5.0;
				TARGETED_DEVICE_FAMILY = "1,2";
				TEST_TARGET_NAME = XCTestApp;
			};
			name = Release;
		};
/* End XCBuildConfiguration section */

/* Begin XCConfigurationList section */
		D510118A2D751FF300ABB291 /* Build configuration list for PBXProject "XCTestApp" */ = {
			isa = XCConfigurationList;
			buildConfigurations = (
				D51011B12D751FF600ABB291 /* Debug */,
				D51011B22D751FF600ABB291 /* Release */,
			);
			defaultConfigurationIsVisible = 0;
			defaultConfigurationName = Release;
		};
		D51011B32D751FF600ABB291 /* Build configuration list for PBXNativeTarget "XCTestApp" */ = {
			isa = XCConfigurationList;
			buildConfigurations = (
				D51011B42D751FF600ABB291 /* Debug */,
				D51011B52D751FF600ABB291 /* Release */,
			);
			defaultConfigurationIsVisible = 0;
			defaultConfigurationName = Release;
		};
		D51011B62D751FF600ABB291 /* Build configuration list for PBXNativeTarget "XCTestAppTests" */ = {
			isa = XCConfigurationList;
			buildConfigurations = (
				D51011B72D751FF600ABB291 /* Debug */,
				D51011B82D751FF600ABB291 /* Release */,
			);
			defaultConfigurationIsVisible = 0;
			defaultConfigurationName = Release;
		};
		D51011B92D751FF600ABB291 /* Build configuration list for PBXNativeTarget "XCTestAppUITests" */ = {
			isa = XCConfigurationList;
			buildConfigurations = (
				D51011BA2D751FF600ABB291 /* Debug */,
				D51011BB2D751FF600ABB291 /* Release */,
			);
			defaultConfigurationIsVisible = 0;
			defaultConfigurationName = Release;
		};
/* End XCConfigurationList section */
	};
	rootObject = D51011872D751FF300ABB291 /* Project object */;
}
